
Microsoft Visual Studio Solution File, Format Version 12.00
# Visual Studio 15
VisualStudioVersion = 15.0.26430.6
MinimumVisualStudioVersion = 10.0.40219.1
Project("{FAE04EC0-301F-11D3-BF4B-00C04F79EFBC}") = "MJpegCameraProxy", "MJpegCameraProxy\MJpegCameraProxy.csproj", "{064F25BC-DFC7-463F-931B-8A89AB6A95C2}"
EndProject
Project("{FAE04EC0-301F-11D3-BF4B-00C04F79EFBC}") = "MJpegCameraProxyCmd", "MJpegCameraProxyCmd\MJpegCameraProxyCmd.csproj", "{946DFB05-3891-4996-8D8A-714D9451B718}"
EndProject
Project("{FAE04EC0-301F-11D3-BF4B-00C04F79EFBC}") = "Fleck", "Fleck\Fleck.csproj", "{8B12D929-AFA9-4307-BEFF-2ED0F1070FEE}"
EndProject
Project("{2150E333-8FDC-42A3-9474-1A3956D46DE8}") = "Solution Items", "Solution Items", "{AD0B601B-73AA-4335-A64B-8BEE9A71C31E}"
	ProjectSection(SolutionItems) = preProject
		..\.gitignore = ..\.gitignore
	EndProjectSection
EndProject
Project("{FAE04EC0-301F-11D3-BF4B-00C04F79EFBC}") = "BPUtil", "..\..\BPUtil\BPUtil\BPUtil.csproj", "{A4981D8D-DEBF-4B34-B9CE-FF25520A02B7}"
EndProject
Global
	GlobalSection(SolutionConfigurationPlatforms) = preSolution
		Debug|Any CPU = Debug|Any CPU
		Debug|x86 = Debug|x86
		Release|Any CPU = Release|Any CPU
		Release|x86 = Release|x86
	EndGlobalSection
	GlobalSection(ProjectConfigurationPlatforms) = postSolution
		{064F25BC-DFC7-463F-931B-8A89AB6A95C2}.Debug|Any CPU.ActiveCfg = Debug|x86
		{064F25BC-DFC7-463F-931B-8A89AB6A95C2}.Debug|x86.ActiveCfg = Debug|x86
		{064F25BC-DFC7-463F-931B-8A89AB6A95C2}.Debug|x86.Build.0 = Debug|x86
		{064F25BC-DFC7-463F-931B-8A89AB6A95C2}.Release|Any CPU.ActiveCfg = Release|x86
		{064F25BC-DFC7-463F-931B-8A89AB6A95C2}.Release|x86.ActiveCfg = Release|x86
		{064F25BC-DFC7-463F-931B-8A89AB6A95C2}.Release|x86.Build.0 = Release|x86
		{946DFB05-3891-4996-8D8A-714D9451B718}.Debug|Any CPU.ActiveCfg = Debug|x86
		{946DFB05-3891-4996-8D8A-714D9451B718}.Debug|x86.ActiveCfg = Debug|x86
		{946DFB05-3891-4996-8D8A-714D9451B718}.Debug|x86.Build.0 = Debug|x86
		{946DFB05-3891-4996-8D8A-714D9451B718}.Release|Any CPU.ActiveCfg = Release|x86
		{946DFB05-3891-4996-8D8A-714D9451B718}.Release|x86.ActiveCfg = Release|x86
		{946DFB05-3891-4996-8D8A-714D9451B718}.Release|x86.Build.0 = Release|x86
		{8B12D929-AFA9-4307-BEFF-2ED0F1070FEE}.Debug|Any CPU.ActiveCfg = Debug|Any CPU
		{8B12D929-AFA9-4307-BEFF-2ED0F1070FEE}.Debug|Any CPU.Build.0 = Debug|Any CPU
		{8B12D929-AFA9-4307-BEFF-2ED0F1070FEE}.Debug|x86.ActiveCfg = Debug|x86
		{8B12D929-AFA9-4307-BEFF-2ED0F1070FEE}.Debug|x86.Build.0 = Debug|x86
		{8B12D929-AFA9-4307-BEFF-2ED0F1070FEE}.Release|Any CPU.ActiveCfg = Release|Any CPU
		{8B12D929-AFA9-4307-BEFF-2ED0F1070FEE}.Release|Any CPU.Build.0 = Release|Any CPU
		{8B12D929-AFA9-4307-BEFF-2ED0F1070FEE}.Release|x86.ActiveCfg = Release|x86
		{8B12D929-AFA9-4307-BEFF-2ED0F1070FEE}.Release|x86.Build.0 = Release|x86
		{A4981D8D-DEBF-4B34-B9CE-FF25520A02B7}.Debug|Any CPU.ActiveCfg = Debug|Any CPU
		{A4981D8D-DEBF-4B34-B9CE-FF25520A02B7}.Debug|Any CPU.Build.0 = Debug|Any CPU
		{A4981D8D-DEBF-4B34-B9CE-FF25520A02B7}.Debug|x86.ActiveCfg = Debug|Any CPU
		{A4981D8D-DEBF-4B34-B9CE-FF25520A02B7}.Debug|x86.Build.0 = Debug|Any CPU
		{A4981D8D-DEBF-4B34-B9CE-FF25520A02B7}.Release|Any CPU.ActiveCfg = Release|Any CPU
		{A4981D8D-DEBF-4B34-B9CE-FF25520A02B7}.Release|Any CPU.Build.0 = Release|Any CPU
		{A4981D8D-DEBF-4B34-B9CE-FF25520A02B7}.Release|x86.ActiveCfg = Release|Any CPU
		{A4981D8D-DEBF-4B34-B9CE-FF25520A02B7}.Release|x86.Build.0 = Release|Any CPU
	EndGlobalSection
	GlobalSection(SolutionProperties) = preSolution
		HideSolutionNode = FALSE
	EndGlobalSection
EndGlobal
